
Microsoft Visual Studio Solution File, Format Version 12.00
# Visual Studio Version 17
VisualStudioVersion = 17.2.32526.322
MinimumVisualStudioVersion = 10.0.40219.1
Project("{FAE04EC0-301F-11D3-BF4B-00C04F79EFBC}") = "MVCSelection", "MVCSelection\MVCSelection.csproj", "{A5C9F697-42E9-4759-BBC7-8678499AC174}"
EndProject
Global
	GlobalSection(SolutionConfigurationPlatforms) = preSolution
		Debug|Any CPU = Debug|Any CPU
		Release|Any CPU = Release|Any CPU
	EndGlobalSection
	GlobalSection(ProjectConfigurationPlatforms) = postSolution
		{A5C9F697-42E9-4759-BBC7-8678499AC174}.Debug|Any CPU.ActiveCfg = Debug|Any CPU
		{A5C9F697-42E9-4759-BBC7-8678499AC174}.Debug|Any CPU.Build.0 = Debug|Any CPU
		{A5C9F697-42E9-4759-BBC7-8678499AC174}.Release|Any CPU.ActiveCfg = Release|Any CPU
		{A5C9F697-42E9-4759-BBC7-8678499AC174}.Release|Any CPU.Build.0 = Release|Any CPU
	EndGlobalSection
	GlobalSection(SolutionProperties) = preSolution
		HideSolutionNode = FALSE
	EndGlobalSection
	GlobalSection(ExtensibilityGlobals) = postSolution
		SolutionGuid = {DC5AA53A-5D49-4061-9ED9-CC44F445AE54}
	EndGlobalSection
EndGlobal
